
Microsoft Visual Studio Solution File, Format Version 12.00
# Visual Studio Version 17
VisualStudioVersion = 17.4.33213.308
MinimumVisualStudioVersion = 10.0.40219.1
Project("{FAE04EC0-301F-11D3-BF4B-00C04F79EFBC}") = "Alina_Miron_Lab2", "Alina_Miron_Lab2.csproj", "{0408A5C6-CDDD-42C8-9D08-E5A15A797905}"
EndProject
Global
	GlobalSection(SolutionConfigurationPlatforms) = preSolution
		Debug|Any CPU = Debug|Any CPU
		Release|Any CPU = Release|Any CPU
	EndGlobalSection
	GlobalSection(ProjectConfigurationPlatforms) = postSolution
		{0408A5C6-CDDD-42C8-9D08-E5A15A797905}.Debug|Any CPU.ActiveCfg = Debug|Any CPU
		{0408A5C6-CDDD-42C8-9D08-E5A15A797905}.Debug|Any CPU.Build.0 = Debug|Any CPU
		{0408A5C6-CDDD-42C8-9D08-E5A15A797905}.Release|Any CPU.ActiveCfg = Release|Any CPU
		{0408A5C6-CDDD-42C8-9D08-E5A15A797905}.Release|Any CPU.Build.0 = Release|Any CPU
	EndGlobalSection
	GlobalSection(SolutionProperties) = preSolution
		HideSolutionNode = FALSE
	EndGlobalSection
	GlobalSection(ExtensibilityGlobals) = postSolution
		SolutionGuid = {1FADAE1F-06D4-4DD1-8395-2DC671863BEF}
	EndGlobalSection
EndGlobal
